# This file is automatically @generated by Cargo.
# It is not intended for manual editing.
version = 3

[[package]]
name = "web_server"
version = "0.4.2"
source = "registry+https://github.com/rust-lang/crates.io-index"
checksum = "720326ab28ca0ce35d30275de9d8a4b084399247a54d426844a040ae2ab66682"

[[package]]
name = "yt-rival"
version = "0.1.0"
dependencies = [
 "web_server",
]
